
Microsoft Visual Studio Solution File, Format Version 12.00
# Visual Studio Version 17
VisualStudioVersion = 17.9.34728.123
MinimumVisualStudioVersion = 10.0.40219.1
Project("{FAE04EC0-301F-11D3-BF4B-00C04F79EFBC}") = "working_with_json_akash", "working_with_json_akash\working_with_json_akash.csproj", "{C0B9AB17-2037-42FA-8AA2-0ECA0298507E}"
EndProject
Global
	GlobalSection(SolutionConfigurationPlatforms) = preSolution
		Debug|Any CPU = Debug|Any CPU
		Release|Any CPU = Release|Any CPU
	EndGlobalSection
	GlobalSection(ProjectConfigurationPlatforms) = postSolution
		{C0B9AB17-2037-42FA-8AA2-0ECA0298507E}.Debug|Any CPU.ActiveCfg = Debug|Any CPU
		{C0B9AB17-2037-42FA-8AA2-0ECA0298507E}.Debug|Any CPU.Build.0 = Debug|Any CPU
		{C0B9AB17-2037-42FA-8AA2-0ECA0298507E}.Release|Any CPU.ActiveCfg = Release|Any CPU
		{C0B9AB17-2037-42FA-8AA2-0ECA0298507E}.Release|Any CPU.Build.0 = Release|Any CPU
	EndGlobalSection
	GlobalSection(SolutionProperties) = preSolution
		HideSolutionNode = FALSE
	EndGlobalSection
	GlobalSection(ExtensibilityGlobals) = postSolution
		SolutionGuid = {14AFC119-AE66-4A58-9EE2-6B343D0686FF}
	EndGlobalSection
EndGlobal
